// !$*UTF8*$!
{
	archiveVersion = 1;
	classes = {
	};
	objectVersion = 51;
	objects = {

/* Begin PBXBuildFile section */
		2B88B6E95F79C93244F404AF /* Pods_EasyService.framework in Frameworks */ = {isa = PBXBuildFile; fileRef = 3440064850FC7CB26443334A /* Pods_EasyService.framework */; };
		7D1E658225A0FD6D00AE97D7 /* AddCarViewController.swift in Sources */ = {isa = PBXBuildFile; fileRef = 7D1E658025A0FD6D00AE97D7 /* AddCarViewController.swift */; };
		7D1E658325A0FD6D00AE97D7 /* AddCarView.xib in Resources */ = {isa = PBXBuildFile; fileRef = 7D1E658125A0FD6D00AE97D7 /* AddCarView.xib */; };
		7D1E658725A1048500AE97D7 /* NewCarViewController.swift in Sources */ = {isa = PBXBuildFile; fileRef = 7D1E658525A1048500AE97D7 /* NewCarViewController.swift */; };
		7D7F71092621A75B00B3341E /* cars.json in Resources */ = {isa = PBXBuildFile; fileRef = 7D7F71082621A75B00B3341E /* cars.json */; };
		7D7F710B2621A7B500B3341E /* ResourcesService.swift in Sources */ = {isa = PBXBuildFile; fileRef = 7D7F710A2621A7B500B3341E /* ResourcesService.swift */; };
		7D7F710D2622158600B3341E /* carsBodies.json in Resources */ = {isa = PBXBuildFile; fileRef = 7D7F710C2622158500B3341E /* carsBodies.json */; };
		7D7F710F2622158B00B3341E /* gears.json in Resources */ = {isa = PBXBuildFile; fileRef = 7D7F710E2622158B00B3341E /* gears.json */; };
		7D7F71112622293E00B3341E /* UIYearPickerDelegate.swift in Sources */ = {isa = PBXBuildFile; fileRef = 7D7F71102622293E00B3341E /* UIYearPickerDelegate.swift */; };
		7D7F71132622419700B3341E /* Car.swift in Sources */ = {isa = PBXBuildFile; fileRef = 7D7F71122622419700B3341E /* Car.swift */; };
		7D90C3D5261FAC410035B704 /* CarListViewController.swift in Sources */ = {isa = PBXBuildFile; fileRef = 7D90C3D3261FAC410035B704 /* CarListViewController.swift */; };
		7D90C3D8261FAFD70035B704 /* CarListView.storyboard in Resources */ = {isa = PBXBuildFile; fileRef = 7D90C3D7261FAFD70035B704 /* CarListView.storyboard */; };
		7D90C3DA261FB9F60035B704 /* NewCarView.storyboard in Resources */ = {isa = PBXBuildFile; fileRef = 7D90C3D9261FB9F60035B704 /* NewCarView.storyboard */; };
		7D90C3DD2620D0720035B704 /* ItemInListChooserView.storyboard in Resources */ = {isa = PBXBuildFile; fileRef = 7D90C3DC2620D0720035B704 /* ItemInListChooserView.storyboard */; };
		7D90C3DF2620D23F0035B704 /* ItemInListChooserViewController.swift in Sources */ = {isa = PBXBuildFile; fileRef = 7D90C3DE2620D23F0035B704 /* ItemInListChooserViewController.swift */; };
		7D90C3E12620D2B10035B704 /* UIUnderlinedTextField.swift in Sources */ = {isa = PBXBuildFile; fileRef = 7D90C3E02620D2B10035B704 /* UIUnderlinedTextField.swift */; };
		7D9F2661261F6DD500F04F32 /* PresentationAssembly.swift in Sources */ = {isa = PBXBuildFile; fileRef = 7D9F2660261F6DD500F04F32 /* PresentationAssembly.swift */; };
		7D9F2665261F6F2200F04F32 /* UIBaseViewController.swift in Sources */ = {isa = PBXBuildFile; fileRef = 7D9F2664261F6F2200F04F32 /* UIBaseViewController.swift */; };
		7D9F2667261F77F700F04F32 /* FirestoreService.swift in Sources */ = {isa = PBXBuildFile; fileRef = 7D9F2666261F77F700F04F32 /* FirestoreService.swift */; };
		7D9F2669261F95E700F04F32 /* MainNavigationController.swift in Sources */ = {isa = PBXBuildFile; fileRef = 7D9F2668261F95E700F04F32 /* MainNavigationController.swift */; };
		7DE0A3F5261CF4E3002773E3 /* GoogleService-Info.plist in Resources */ = {isa = PBXBuildFile; fileRef = 7DE0A3F4261CF4E3002773E3 /* GoogleService-Info.plist */; };
		7DE0A3F8261CFA70002773E3 /* RegisrtationViewController.swift in Sources */ = {isa = PBXBuildFile; fileRef = 7DE0A3F6261CFA70002773E3 /* RegisrtationViewController.swift */; };
		7DE0A3FB261CFDCF002773E3 /* RegisrtationView.storyboard in Resources */ = {isa = PBXBuildFile; fileRef = 7DE0A3FA261CFDCF002773E3 /* RegisrtationView.storyboard */; };
		7DE0A3FD261DC255002773E3 /* LoginViewController.swift in Sources */ = {isa = PBXBuildFile; fileRef = 7DE0A3FC261DC255002773E3 /* LoginViewController.swift */; };
		7DE0A3FF261DC25F002773E3 /* Login.storyboard in Resources */ = {isa = PBXBuildFile; fileRef = 7DE0A3FE261DC25F002773E3 /* Login.storyboard */; };
		7DE0A402261DC743002773E3 /* UIRoundedTextField.swift in Sources */ = {isa = PBXBuildFile; fileRef = 7DE0A401261DC743002773E3 /* UIRoundedTextField.swift */; };
		7DE0A404261DCD68002773E3 /* UIRoundedButton.swift in Sources */ = {isa = PBXBuildFile; fileRef = 7DE0A403261DCD68002773E3 /* UIRoundedButton.swift */; };
		7DE0A407261DD210002773E3 /* UIContainerView.swift in Sources */ = {isa = PBXBuildFile; fileRef = 7DE0A406261DD210002773E3 /* UIContainerView.swift */; };
		7DE0A40A261E0FAA002773E3 /* StringExtension.swift in Sources */ = {isa = PBXBuildFile; fileRef = 7DE0A409261E0FAA002773E3 /* StringExtension.swift */; };
		7DE0A40C261E38BB002773E3 /* DateFormatterExtension.swift in Sources */ = {isa = PBXBuildFile; fileRef = 7DE0A40B261E38BB002773E3 /* DateFormatterExtension.swift */; };
		7DE0A40F261E3CB3002773E3 /* User.swift in Sources */ = {isa = PBXBuildFile; fileRef = 7DE0A40E261E3CB3002773E3 /* User.swift */; };
		7DE0A412261F674B002773E3 /* AccountService.swift in Sources */ = {isa = PBXBuildFile; fileRef = 7DE0A411261F674B002773E3 /* AccountService.swift */; };
		7DE0A414261F6979002773E3 /* UIStoryboardExtensions.swift in Sources */ = {isa = PBXBuildFile; fileRef = 7DE0A413261F6979002773E3 /* UIStoryboardExtensions.swift */; };
		7DF7A49825A0EA920053C413 /* AppDelegate.swift in Sources */ = {isa = PBXBuildFile; fileRef = 7DF7A49725A0EA920053C413 /* AppDelegate.swift */; };
		7DF7A49C25A0EA920053C413 /* ViewController.swift in Sources */ = {isa = PBXBuildFile; fileRef = 7DF7A49B25A0EA920053C413 /* ViewController.swift */; };
		7DF7A49F25A0EA920053C413 /* Main2.storyboard in Resources */ = {isa = PBXBuildFile; fileRef = 7DF7A49D25A0EA920053C413 /* Main2.storyboard */; };
		7DF7A4A125A0EA940053C413 /* Assets.xcassets in Resources */ = {isa = PBXBuildFile; fileRef = 7DF7A4A025A0EA940053C413 /* Assets.xcassets */; };
		7DF7A4A425A0EA940053C413 /* LaunchScreen.storyboard in Resources */ = {isa = PBXBuildFile; fileRef = 7DF7A4A225A0EA940053C413 /* LaunchScreen.storyboard */; };
/* End PBXBuildFile section */

/* Begin PBXFileReference section */
		3440064850FC7CB26443334A /* Pods_EasyService.framework */ = {isa = PBXFileReference; explicitFileType = wrapper.framework; includeInIndex = 0; path = Pods_EasyService.framework; sourceTree = BUILT_PRODUCTS_DIR; };
		5F43670BA72C65ACBA6D9403 /* Pods-EasyService.release.xcconfig */ = {isa = PBXFileReference; includeInIndex = 1; lastKnownFileType = text.xcconfig; name = "Pods-EasyService.release.xcconfig"; path = "Target Support Files/Pods-EasyService/Pods-EasyService.release.xcconfig"; sourceTree = "<group>"; };
		7D1E658025A0FD6D00AE97D7 /* AddCarViewController.swift */ = {isa = PBXFileReference; lastKnownFileType = sourcecode.swift; path = AddCarViewController.swift; sourceTree = "<group>"; };
		7D1E658125A0FD6D00AE97D7 /* AddCarView.xib */ = {isa = PBXFileReference; lastKnownFileType = file.xib; path = AddCarView.xib; sourceTree = "<group>"; };
		7D1E658525A1048500AE97D7 /* NewCarViewController.swift */ = {isa = PBXFileReference; lastKnownFileType = sourcecode.swift; path = NewCarViewController.swift; sourceTree = "<group>"; };
		7D7F71082621A75B00B3341E /* cars.json */ = {isa = PBXFileReference; fileEncoding = 4; lastKnownFileType = text.json; path = cars.json; sourceTree = "<group>"; };
		7D7F710A2621A7B500B3341E /* ResourcesService.swift */ = {isa = PBXFileReference; lastKnownFileType = sourcecode.swift; path = ResourcesService.swift; sourceTree = "<group>"; };
		7D7F710C2622158500B3341E /* carsBodies.json */ = {isa = PBXFileReference; fileEncoding = 4; lastKnownFileType = text.json; path = carsBodies.json; sourceTree = "<group>"; };
		7D7F710E2622158B00B3341E /* gears.json */ = {isa = PBXFileReference; fileEncoding = 4; lastKnownFileType = text.json; path = gears.json; sourceTree = "<group>"; };
		7D7F71102622293E00B3341E /* UIYearPickerDelegate.swift */ = {isa = PBXFileReference; lastKnownFileType = sourcecode.swift; path = UIYearPickerDelegate.swift; sourceTree = "<group>"; };
		7D7F71122622419700B3341E /* Car.swift */ = {isa = PBXFileReference; lastKnownFileType = sourcecode.swift; path = Car.swift; sourceTree = "<group>"; };
		7D90C3D3261FAC410035B704 /* CarListViewController.swift */ = {isa = PBXFileReference; lastKnownFileType = sourcecode.swift; path = CarListViewController.swift; sourceTree = "<group>"; };
		7D90C3D7261FAFD70035B704 /* CarListView.storyboard */ = {isa = PBXFileReference; lastKnownFileType = file.storyboard; path = CarListView.storyboard; sourceTree = "<group>"; };
		7D90C3D9261FB9F60035B704 /* NewCarView.storyboard */ = {isa = PBXFileReference; lastKnownFileType = file.storyboard; path = NewCarView.storyboard; sourceTree = "<group>"; };
		7D90C3DC2620D0720035B704 /* ItemInListChooserView.storyboard */ = {isa = PBXFileReference; lastKnownFileType = file.storyboard; path = ItemInListChooserView.storyboard; sourceTree = "<group>"; };
		7D90C3DE2620D23F0035B704 /* ItemInListChooserViewController.swift */ = {isa = PBXFileReference; lastKnownFileType = sourcecode.swift; path = ItemInListChooserViewController.swift; sourceTree = "<group>"; };
		7D90C3E02620D2B10035B704 /* UIUnderlinedTextField.swift */ = {isa = PBXFileReference; lastKnownFileType = sourcecode.swift; path = UIUnderlinedTextField.swift; sourceTree = "<group>"; };
		7D9F2660261F6DD500F04F32 /* PresentationAssembly.swift */ = {isa = PBXFileReference; lastKnownFileType = sourcecode.swift; path = PresentationAssembly.swift; sourceTree = "<group>"; };
		7D9F2664261F6F2200F04F32 /* UIBaseViewController.swift */ = {isa = PBXFileReference; lastKnownFileType = sourcecode.swift; path = UIBaseViewController.swift; sourceTree = "<group>"; };
		7D9F2666261F77F700F04F32 /* FirestoreService.swift */ = {isa = PBXFileReference; lastKnownFileType = sourcecode.swift; path = FirestoreService.swift; sourceTree = "<group>"; };
		7D9F2668261F95E700F04F32 /* MainNavigationController.swift */ = {isa = PBXFileReference; lastKnownFileType = sourcecode.swift; path = MainNavigationController.swift; sourceTree = "<group>"; };
		7DE0A3F4261CF4E3002773E3 /* GoogleService-Info.plist */ = {isa = PBXFileReference; fileEncoding = 4; lastKnownFileType = text.plist.xml; path = "GoogleService-Info.plist"; sourceTree = "<group>"; };
		7DE0A3F6261CFA70002773E3 /* RegisrtationViewController.swift */ = {isa = PBXFileReference; lastKnownFileType = sourcecode.swift; path = RegisrtationViewController.swift; sourceTree = "<group>"; };
		7DE0A3FA261CFDCF002773E3 /* RegisrtationView.storyboard */ = {isa = PBXFileReference; lastKnownFileType = file.storyboard; path = RegisrtationView.storyboard; sourceTree = "<group>"; };
		7DE0A3FC261DC255002773E3 /* LoginViewController.swift */ = {isa = PBXFileReference; lastKnownFileType = sourcecode.swift; path = LoginViewController.swift; sourceTree = "<group>"; };
		7DE0A3FE261DC25F002773E3 /* Login.storyboard */ = {isa = PBXFileReference; lastKnownFileType = file.storyboard; path = Login.storyboard; sourceTree = "<group>"; };
		7DE0A401261DC743002773E3 /* UIRoundedTextField.swift */ = {isa = PBXFileReference; lastKnownFileType = sourcecode.swift; path = UIRoundedTextField.swift; sourceTree = "<group>"; };
		7DE0A403261DCD68002773E3 /* UIRoundedButton.swift */ = {isa = PBXFileReference; lastKnownFileType = sourcecode.swift; path = UIRoundedButton.swift; sourceTree = "<group>"; };
		7DE0A406261DD210002773E3 /* UIContainerView.swift */ = {isa = PBXFileReference; lastKnownFileType = sourcecode.swift; path = UIContainerView.swift; sourceTree = "<group>"; };
		7DE0A409261E0FAA002773E3 /* StringExtension.swift */ = {isa = PBXFileReference; lastKnownFileType = sourcecode.swift; path = StringExtension.swift; sourceTree = "<group>"; };
		7DE0A40B261E38BB002773E3 /* DateFormatterExtension.swift */ = {isa = PBXFileReference; lastKnownFileType = sourcecode.swift; path = DateFormatterExtension.swift; sourceTree = "<group>"; };
		7DE0A40E261E3CB3002773E3 /* User.swift */ = {isa = PBXFileReference; lastKnownFileType = sourcecode.swift; path = User.swift; sourceTree = "<group>"; };
		7DE0A411261F674B002773E3 /* AccountService.swift */ = {isa = PBXFileReference; lastKnownFileType = sourcecode.swift; path = AccountService.swift; sourceTree = "<group>"; };
		7DE0A413261F6979002773E3 /* UIStoryboardExtensions.swift */ = {isa = PBXFileReference; lastKnownFileType = sourcecode.swift; path = UIStoryboardExtensions.swift; sourceTree = "<group>"; };
		7DF7A49425A0EA920053C413 /* EasyService.app */ = {isa = PBXFileReference; explicitFileType = wrapper.application; includeInIndex = 0; path = EasyService.app; sourceTree = BUILT_PRODUCTS_DIR; };
		7DF7A49725A0EA920053C413 /* AppDelegate.swift */ = {isa = PBXFileReference; lastKnownFileType = sourcecode.swift; path = AppDelegate.swift; sourceTree = "<group>"; };
		7DF7A49B25A0EA920053C413 /* ViewController.swift */ = {isa = PBXFileReference; lastKnownFileType = sourcecode.swift; path = ViewController.swift; sourceTree = "<group>"; };
		7DF7A49E25A0EA920053C413 /* Base */ = {isa = PBXFileReference; lastKnownFileType = file.storyboard; name = Base; path = Base.lproj/Main2.storyboard; sourceTree = "<group>"; };
		7DF7A4A025A0EA940053C413 /* Assets.xcassets */ = {isa = PBXFileReference; lastKnownFileType = folder.assetcatalog; path = Assets.xcassets; sourceTree = "<group>"; };
		7DF7A4A325A0EA940053C413 /* Base */ = {isa = PBXFileReference; lastKnownFileType = file.storyboard; name = Base; path = Base.lproj/LaunchScreen.storyboard; sourceTree = "<group>"; };
		7DF7A4A525A0EA940053C413 /* Info.plist */ = {isa = PBXFileReference; lastKnownFileType = text.plist.xml; path = Info.plist; sourceTree = "<group>"; };
		BA7401BE752FED7A5250F7EE /* Pods-EasyService.debug.xcconfig */ = {isa = PBXFileReference; includeInIndex = 1; lastKnownFileType = text.xcconfig; name = "Pods-EasyService.debug.xcconfig"; path = "Target Support Files/Pods-EasyService/Pods-EasyService.debug.xcconfig"; sourceTree = "<group>"; };
/* End PBXFileReference section */

/* Begin PBXFrameworksBuildPhase section */
		7DF7A49125A0EA920053C413 /* Frameworks */ = {
			isa = PBXFrameworksBuildPhase;
			buildActionMask = 2147483647;
			files = (
				2B88B6E95F79C93244F404AF /* Pods_EasyService.framework in Frameworks */,
			);
			runOnlyForDeploymentPostprocessing = 0;
		};
/* End PBXFrameworksBuildPhase section */

/* Begin PBXGroup section */
		7D1E657825A0FC7500AE97D7 /* Core */ = {
			isa = PBXGroup;
			children = (
				7DE0A40D261E3CA2002773E3 /* Models */,
			);
			path = Core;
			sourceTree = "<group>";
		};
		7D1E657C25A0FCBD00AE97D7 /* PresentationLayer */ = {
			isa = PBXGroup;
			children = (
				7D90C3DB2620D02B0035B704 /* ItemInListChooser */,
				7D90C3CE261FA9850035B704 /* CarsList */,
				7DE0A3EF261CE87E002773E3 /* Login */,
				7DE0A3EE261CE85F002773E3 /* Regisrtation */,
				7D1E658425A1045400AE97D7 /* NewCar */,
				7D1E657D25A0FCDC00AE97D7 /* AddCar */,
				7D9F2660261F6DD500F04F32 /* PresentationAssembly.swift */,
			);
			path = PresentationLayer;
			sourceTree = "<group>";
		};
		7D1E657D25A0FCDC00AE97D7 /* AddCar */ = {
			isa = PBXGroup;
			children = (
				7D1E658025A0FD6D00AE97D7 /* AddCarViewController.swift */,
				7D1E658125A0FD6D00AE97D7 /* AddCarView.xib */,
			);
			path = AddCar;
			sourceTree = "<group>";
		};
		7D1E658425A1045400AE97D7 /* NewCar */ = {
			isa = PBXGroup;
			children = (
				7D1E658525A1048500AE97D7 /* NewCarViewController.swift */,
				7D90C3D9261FB9F60035B704 /* NewCarView.storyboard */,
			);
			path = NewCar;
			sourceTree = "<group>";
		};
		7D90C3CE261FA9850035B704 /* CarsList */ = {
			isa = PBXGroup;
			children = (
				7D90C3D3261FAC410035B704 /* CarListViewController.swift */,
				7D90C3D7261FAFD70035B704 /* CarListView.storyboard */,
			);
			path = CarsList;
			sourceTree = "<group>";
		};
		7D90C3DB2620D02B0035B704 /* ItemInListChooser */ = {
			isa = PBXGroup;
			children = (
				7D90C3DC2620D0720035B704 /* ItemInListChooserView.storyboard */,
				7D90C3DE2620D23F0035B704 /* ItemInListChooserViewController.swift */,
			);
			path = ItemInListChooser;
			sourceTree = "<group>";
		};
		7D90C3E22620F94B0035B704 /* Resources */ = {
			isa = PBXGroup;
			children = (
				7D7F710E2622158B00B3341E /* gears.json */,
				7D7F71082621A75B00B3341E /* cars.json */,
				7D7F710C2622158500B3341E /* carsBodies.json */,
			);
			path = Resources;
			sourceTree = "<group>";
		};
		7D9F2662261F6EF900F04F32 /* Base */ = {
			isa = PBXGroup;
			children = (
				7D9F2664261F6F2200F04F32 /* UIBaseViewController.swift */,
			);
			path = Base;
			sourceTree = "<group>";
		};
		7D9F2663261F6F0300F04F32 /* View */ = {
			isa = PBXGroup;
			children = (
				7DE0A401261DC743002773E3 /* UIRoundedTextField.swift */,
				7DE0A403261DCD68002773E3 /* UIRoundedButton.swift */,
				7DE0A406261DD210002773E3 /* UIContainerView.swift */,
				7D90C3E02620D2B10035B704 /* UIUnderlinedTextField.swift */,
				7D7F71102622293E00B3341E /* UIYearPickerDelegate.swift */,
			);
			path = View;
			sourceTree = "<group>";
		};
		7DE0A3EE261CE85F002773E3 /* Regisrtation */ = {
			isa = PBXGroup;
			children = (
				7DE0A3F6261CFA70002773E3 /* RegisrtationViewController.swift */,
				7DE0A3FA261CFDCF002773E3 /* RegisrtationView.storyboard */,
			);
			path = Regisrtation;
			sourceTree = "<group>";
		};
		7DE0A3EF261CE87E002773E3 /* Login */ = {
			isa = PBXGroup;
			children = (
				7DE0A3FC261DC255002773E3 /* LoginViewController.swift */,
				7DE0A3FE261DC25F002773E3 /* Login.storyboard */,
			);
			path = Login;
			sourceTree = "<group>";
		};
		7DE0A400261DC70E002773E3 /* EasyServiceUI */ = {
			isa = PBXGroup;
			children = (
				7D9F2663261F6F0300F04F32 /* View */,
				7D9F2662261F6EF900F04F32 /* Base */,
			);
			path = EasyServiceUI;
			sourceTree = "<group>";
		};
		7DE0A408261E0F6C002773E3 /* Extentions */ = {
			isa = PBXGroup;
			children = (
				7DE0A409261E0FAA002773E3 /* StringExtension.swift */,
				7DE0A40B261E38BB002773E3 /* DateFormatterExtension.swift */,
				7DE0A413261F6979002773E3 /* UIStoryboardExtensions.swift */,
			);
			path = Extentions;
			sourceTree = "<group>";
		};
		7DE0A40D261E3CA2002773E3 /* Models */ = {
			isa = PBXGroup;
			children = (
				7DE0A40E261E3CB3002773E3 /* User.swift */,
				7D7F71122622419700B3341E /* Car.swift */,
			);
			path = Models;
			sourceTree = "<group>";
		};
		7DE0A410261F672C002773E3 /* Service */ = {
			isa = PBXGroup;
			children = (
				7DE0A411261F674B002773E3 /* AccountService.swift */,
				7D9F2666261F77F700F04F32 /* FirestoreService.swift */,
				7D7F710A2621A7B500B3341E /* ResourcesService.swift */,
			);
			path = Service;
			sourceTree = "<group>";
		};
		7DF7A48B25A0EA920053C413 = {
			isa = PBXGroup;
			children = (
				7DF7A49625A0EA920053C413 /* EasyService */,
				7DF7A49525A0EA920053C413 /* Products */,
				CBCE32CFE5F661F4D28459D6 /* Pods */,
				8B2391905D2B986E057DA7E4 /* Frameworks */,
			);
			sourceTree = "<group>";
		};
		7DF7A49525A0EA920053C413 /* Products */ = {
			isa = PBXGroup;
			children = (
				7DF7A49425A0EA920053C413 /* EasyService.app */,
			);
			name = Products;
			sourceTree = "<group>";
		};
		7DF7A49625A0EA920053C413 /* EasyService */ = {
			isa = PBXGroup;
			children = (
				7D90C3E22620F94B0035B704 /* Resources */,
				7DE0A410261F672C002773E3 /* Service */,
				7DE0A408261E0F6C002773E3 /* Extentions */,
				7DE0A400261DC70E002773E3 /* EasyServiceUI */,
				7D1E657C25A0FCBD00AE97D7 /* PresentationLayer */,
				7D1E657825A0FC7500AE97D7 /* Core */,
				7DF7A49725A0EA920053C413 /* AppDelegate.swift */,
				7DE0A3F4261CF4E3002773E3 /* GoogleService-Info.plist */,
				7DF7A49B25A0EA920053C413 /* ViewController.swift */,
				7DF7A49D25A0EA920053C413 /* Main2.storyboard */,
				7DF7A4A025A0EA940053C413 /* Assets.xcassets */,
				7DF7A4A225A0EA940053C413 /* LaunchScreen.storyboard */,
				7DF7A4A525A0EA940053C413 /* Info.plist */,
				7D9F2668261F95E700F04F32 /* MainNavigationController.swift */,
			);
			path = EasyService;
			sourceTree = "<group>";
		};
		8B2391905D2B986E057DA7E4 /* Frameworks */ = {
			isa = PBXGroup;
			children = (
				3440064850FC7CB26443334A /* Pods_EasyService.framework */,
			);
			name = Frameworks;
			sourceTree = "<group>";
		};
		CBCE32CFE5F661F4D28459D6 /* Pods */ = {
			isa = PBXGroup;
			children = (
				BA7401BE752FED7A5250F7EE /* Pods-EasyService.debug.xcconfig */,
				5F43670BA72C65ACBA6D9403 /* Pods-EasyService.release.xcconfig */,
			);
			path = Pods;
			sourceTree = "<group>";
		};
/* End PBXGroup section */

/* Begin PBXNativeTarget section */
		7DF7A49325A0EA920053C413 /* EasyService */ = {
			isa = PBXNativeTarget;
			buildConfigurationList = 7DF7A4A825A0EA940053C413 /* Build configuration list for PBXNativeTarget "EasyService" */;
			buildPhases = (
				D506A568330B5F030F8E0AB7 /* [CP] Check Pods Manifest.lock */,
				7DF7A49025A0EA920053C413 /* Sources */,
				7DF7A49125A0EA920053C413 /* Frameworks */,
				7DF7A49225A0EA920053C413 /* Resources */,
				7DF7A4AB25A0F26F0053C413 /* ShellScript */,
				FAF0DC739E5B939B0762DDBC /* [CP] Embed Pods Frameworks */,
			);
			buildRules = (
			);
			dependencies = (
			);
			name = EasyService;
			productName = EasyService;
			productReference = 7DF7A49425A0EA920053C413 /* EasyService.app */;
			productType = "com.apple.product-type.application";
		};
/* End PBXNativeTarget section */

/* Begin PBXProject section */
		7DF7A48C25A0EA920053C413 /* Project object */ = {
			isa = PBXProject;
			attributes = {
				LastSwiftUpdateCheck = 1160;
				LastUpgradeCheck = 1160;
				ORGANIZATIONNAME = rokymiel;
				TargetAttributes = {
					7DF7A49325A0EA920053C413 = {
						CreatedOnToolsVersion = 11.6;
					};
				};
			};
			buildConfigurationList = 7DF7A48F25A0EA920053C413 /* Build configuration list for PBXProject "EasyService" */;
			compatibilityVersion = "Xcode 9.3";
			developmentRegion = en;
			hasScannedForEncodings = 0;
			knownRegions = (
				en,
				Base,
			);
			mainGroup = 7DF7A48B25A0EA920053C413;
			productRefGroup = 7DF7A49525A0EA920053C413 /* Products */;
			projectDirPath = "";
			projectRoot = "";
			targets = (
				7DF7A49325A0EA920053C413 /* EasyService */,
			);
		};
/* End PBXProject section */

/* Begin PBXResourcesBuildPhase section */
		7DF7A49225A0EA920053C413 /* Resources */ = {
			isa = PBXResourcesBuildPhase;
			buildActionMask = 2147483647;
			files = (
				7D7F710F2622158B00B3341E /* gears.json in Resources */,
				7D90C3DD2620D0720035B704 /* ItemInListChooserView.storyboard in Resources */,
				7DE0A3FF261DC25F002773E3 /* Login.storyboard in Resources */,
				7D7F710D2622158600B3341E /* carsBodies.json in Resources */,
				7DE0A3FB261CFDCF002773E3 /* RegisrtationView.storyboard in Resources */,
				7D90C3DA261FB9F60035B704 /* NewCarView.storyboard in Resources */,
				7DF7A4A425A0EA940053C413 /* LaunchScreen.storyboard in Resources */,
				7DF7A4A125A0EA940053C413 /* Assets.xcassets in Resources */,
				7D7F71092621A75B00B3341E /* cars.json in Resources */,
				7DF7A49F25A0EA920053C413 /* Main2.storyboard in Resources */,
				7D1E658325A0FD6D00AE97D7 /* AddCarView.xib in Resources */,
				7DE0A3F5261CF4E3002773E3 /* GoogleService-Info.plist in Resources */,
				7D90C3D8261FAFD70035B704 /* CarListView.storyboard in Resources */,
			);
			runOnlyForDeploymentPostprocessing = 0;
		};
/* End PBXResourcesBuildPhase section */

/* Begin PBXShellScriptBuildPhase section */
		7DF7A4AB25A0F26F0053C413 /* ShellScript */ = {
			isa = PBXShellScriptBuildPhase;
			buildActionMask = 2147483647;
			files = (
			);
			inputFileListPaths = (
			);
			inputPaths = (
			);
			outputFileListPaths = (
			);
			outputPaths = (
			);
			runOnlyForDeploymentPostprocessing = 0;
			shellPath = /bin/sh;
			shellScript = "if which swiftlint >/dev/null; then\n  swiftlint\nelse\n  echo \"warning: SwiftLint not installed, download from https://github.com/realm/SwiftLint\"\nfi\n";
		};
		D506A568330B5F030F8E0AB7 /* [CP] Check Pods Manifest.lock */ = {
			isa = PBXShellScriptBuildPhase;
			buildActionMask = 2147483647;
			files = (
			);
			inputFileListPaths = (
			);
			inputPaths = (
				"${PODS_PODFILE_DIR_PATH}/Podfile.lock",
				"${PODS_ROOT}/Manifest.lock",
			);
			name = "[CP] Check Pods Manifest.lock";
			outputFileListPaths = (
			);
			outputPaths = (
				"$(DERIVED_FILE_DIR)/Pods-EasyService-checkManifestLockResult.txt",
			);
			runOnlyForDeploymentPostprocessing = 0;
			shellPath = /bin/sh;
			shellScript = "diff \"${PODS_PODFILE_DIR_PATH}/Podfile.lock\" \"${PODS_ROOT}/Manifest.lock\" > /dev/null\nif [ $? != 0 ] ; then\n    # print error to STDERR\n    echo \"error: The sandbox is not in sync with the Podfile.lock. Run 'pod install' or update your CocoaPods installation.\" >&2\n    exit 1\nfi\n# This output is used by Xcode 'outputs' to avoid re-running this script phase.\necho \"SUCCESS\" > \"${SCRIPT_OUTPUT_FILE_0}\"\n";
			showEnvVarsInLog = 0;
		};
		FAF0DC739E5B939B0762DDBC /* [CP] Embed Pods Frameworks */ = {
			isa = PBXShellScriptBuildPhase;
			buildActionMask = 2147483647;
			files = (
			);
			inputFileListPaths = (
				"${PODS_ROOT}/Target Support Files/Pods-EasyService/Pods-EasyService-frameworks-${CONFIGURATION}-input-files.xcfilelist",
			);
			name = "[CP] Embed Pods Frameworks";
			outputFileListPaths = (
				"${PODS_ROOT}/Target Support Files/Pods-EasyService/Pods-EasyService-frameworks-${CONFIGURATION}-output-files.xcfilelist",
			);
			runOnlyForDeploymentPostprocessing = 0;
			shellPath = /bin/sh;
			shellScript = "\"${PODS_ROOT}/Target Support Files/Pods-EasyService/Pods-EasyService-frameworks.sh\"\n";
			showEnvVarsInLog = 0;
		};
/* End PBXShellScriptBuildPhase section */

/* Begin PBXSourcesBuildPhase section */
		7DF7A49025A0EA920053C413 /* Sources */ = {
			isa = PBXSourcesBuildPhase;
			buildActionMask = 2147483647;
			files = (
				7DE0A414261F6979002773E3 /* UIStoryboardExtensions.swift in Sources */,
				7D9F2661261F6DD500F04F32 /* PresentationAssembly.swift in Sources */,
				7D7F71132622419700B3341E /* Car.swift in Sources */,
				7DE0A40F261E3CB3002773E3 /* User.swift in Sources */,
				7DE0A3FD261DC255002773E3 /* LoginViewController.swift in Sources */,
				7DE0A404261DCD68002773E3 /* UIRoundedButton.swift in Sources */,
				7D90C3E12620D2B10035B704 /* UIUnderlinedTextField.swift in Sources */,
				7D1E658725A1048500AE97D7 /* NewCarViewController.swift in Sources */,
				7D7F71112622293E00B3341E /* UIYearPickerDelegate.swift in Sources */,
				7D7F710B2621A7B500B3341E /* ResourcesService.swift in Sources */,
				7DF7A49C25A0EA920053C413 /* ViewController.swift in Sources */,
				7D9F2667261F77F700F04F32 /* FirestoreService.swift in Sources */,
				7D90C3DF2620D23F0035B704 /* ItemInListChooserViewController.swift in Sources */,
				7D9F2665261F6F2200F04F32 /* UIBaseViewController.swift in Sources */,
				7D9F2669261F95E700F04F32 /* MainNavigationController.swift in Sources */,
				7DE0A402261DC743002773E3 /* UIRoundedTextField.swift in Sources */,
				7DE0A40A261E0FAA002773E3 /* StringExtension.swift in Sources */,
				7DF7A49825A0EA920053C413 /* AppDelegate.swift in Sources */,
				7DE0A40C261E38BB002773E3 /* DateFormatterExtension.swift in Sources */,
				7D1E658225A0FD6D00AE97D7 /* AddCarViewController.swift in Sources */,
				7DE0A3F8261CFA70002773E3 /* RegisrtationViewController.swift in Sources */,
				7DE0A412261F674B002773E3 /* AccountService.swift in Sources */,
				7D90C3D5261FAC410035B704 /* CarListViewController.swift in Sources */,
				7DE0A407261DD210002773E3 /* UIContainerView.swift in Sources */,
			);
			runOnlyForDeploymentPostprocessing = 0;
		};
/* End PBXSourcesBuildPhase section */

/* Begin PBXVariantGroup section */
		7DF7A49D25A0EA920053C413 /* Main2.storyboard */ = {
			isa = PBXVariantGroup;
			children = (
				7DF7A49E25A0EA920053C413 /* Base */,
			);
			name = Main2.storyboard;
			sourceTree = "<group>";
		};
		7DF7A4A225A0EA940053C413 /* LaunchScreen.storyboard */ = {
			isa = PBXVariantGroup;
			children = (
				7DF7A4A325A0EA940053C413 /* Base */,
			);
			name = LaunchScreen.storyboard;
			sourceTree = "<group>";
		};
/* End PBXVariantGroup section */

/* Begin XCBuildConfiguration section */
		7DF7A4A625A0EA940053C413 /* Debug */ = {
			isa = XCBuildConfiguration;
			buildSettings = {
				ALWAYS_SEARCH_USER_PATHS = NO;
				CLANG_ANALYZER_NONNULL = YES;
				CLANG_ANALYZER_NUMBER_OBJECT_CONVERSION = YES_AGGRESSIVE;
				CLANG_CXX_LANGUAGE_STANDARD = "gnu++14";
				CLANG_CXX_LIBRARY = "libc++";
				CLANG_ENABLE_MODULES = YES;
				CLANG_ENABLE_OBJC_ARC = YES;
				CLANG_ENABLE_OBJC_WEAK = YES;
				CLANG_WARN_BLOCK_CAPTURE_AUTORELEASING = YES;
				CLANG_WARN_BOOL_CONVERSION = YES;
				CLANG_WARN_COMMA = YES;
				CLANG_WARN_CONSTANT_CONVERSION = YES;
				CLANG_WARN_DEPRECATED_OBJC_IMPLEMENTATIONS = YES;
				CLANG_WARN_DIRECT_OBJC_ISA_USAGE = YES_ERROR;
				CLANG_WARN_DOCUMENTATION_COMMENTS = YES;
				CLANG_WARN_EMPTY_BODY = YES;
				CLANG_WARN_ENUM_CONVERSION = YES;
				CLANG_WARN_INFINITE_RECURSION = YES;
				CLANG_WARN_INT_CONVERSION = YES;
				CLANG_WARN_NON_LITERAL_NULL_CONVERSION = YES;
				CLANG_WARN_OBJC_IMPLICIT_RETAIN_SELF = YES;
				CLANG_WARN_OBJC_LITERAL_CONVERSION = YES;
				CLANG_WARN_OBJC_ROOT_CLASS = YES_ERROR;
				CLANG_WARN_RANGE_LOOP_ANALYSIS = YES;
				CLANG_WARN_STRICT_PROTOTYPES = YES;
				CLANG_WARN_SUSPICIOUS_MOVE = YES;
				CLANG_WARN_UNGUARDED_AVAILABILITY = YES_AGGRESSIVE;
				CLANG_WARN_UNREACHABLE_CODE = YES;
				CLANG_WARN__DUPLICATE_METHOD_MATCH = YES;
				COPY_PHASE_STRIP = NO;
				DEBUG_INFORMATION_FORMAT = dwarf;
				ENABLE_STRICT_OBJC_MSGSEND = YES;
				ENABLE_TESTABILITY = YES;
				GCC_C_LANGUAGE_STANDARD = gnu11;
				GCC_DYNAMIC_NO_PIC = NO;
				GCC_NO_COMMON_BLOCKS = YES;
				GCC_OPTIMIZATION_LEVEL = 0;
				GCC_PREPROCESSOR_DEFINITIONS = (
					"DEBUG=1",
					"$(inherited)",
				);
				GCC_WARN_64_TO_32_BIT_CONVERSION = YES;
				GCC_WARN_ABOUT_RETURN_TYPE = YES_ERROR;
				GCC_WARN_UNDECLARED_SELECTOR = YES;
				GCC_WARN_UNINITIALIZED_AUTOS = YES_AGGRESSIVE;
				GCC_WARN_UNUSED_FUNCTION = YES;
				GCC_WARN_UNUSED_VARIABLE = YES;
				IPHONEOS_DEPLOYMENT_TARGET = 13.6;
				MTL_ENABLE_DEBUG_INFO = INCLUDE_SOURCE;
				MTL_FAST_MATH = YES;
				ONLY_ACTIVE_ARCH = YES;
				SDKROOT = iphoneos;
				SWIFT_ACTIVE_COMPILATION_CONDITIONS = DEBUG;
				SWIFT_OPTIMIZATION_LEVEL = "-Onone";
			};
			name = Debug;
		};
		7DF7A4A725A0EA940053C413 /* Release */ = {
			isa = XCBuildConfiguration;
			buildSettings = {
				ALWAYS_SEARCH_USER_PATHS = NO;
				CLANG_ANALYZER_NONNULL = YES;
				CLANG_ANALYZER_NUMBER_OBJECT_CONVERSION = YES_AGGRESSIVE;
				CLANG_CXX_LANGUAGE_STANDARD = "gnu++14";
				CLANG_CXX_LIBRARY = "libc++";
				CLANG_ENABLE_MODULES = YES;
				CLANG_ENABLE_OBJC_ARC = YES;
				CLANG_ENABLE_OBJC_WEAK = YES;
				CLANG_WARN_BLOCK_CAPTURE_AUTORELEASING = YES;
				CLANG_WARN_BOOL_CONVERSION = YES;
				CLANG_WARN_COMMA = YES;
				CLANG_WARN_CONSTANT_CONVERSION = YES;
				CLANG_WARN_DEPRECATED_OBJC_IMPLEMENTATIONS = YES;
				CLANG_WARN_DIRECT_OBJC_ISA_USAGE = YES_ERROR;
				CLANG_WARN_DOCUMENTATION_COMMENTS = YES;
				CLANG_WARN_EMPTY_BODY = YES;
				CLANG_WARN_ENUM_CONVERSION = YES;
				CLANG_WARN_INFINITE_RECURSION = YES;
				CLANG_WARN_INT_CONVERSION = YES;
				CLANG_WARN_NON_LITERAL_NULL_CONVERSION = YES;
				CLANG_WARN_OBJC_IMPLICIT_RETAIN_SELF = YES;
				CLANG_WARN_OBJC_LITERAL_CONVERSION = YES;
				CLANG_WARN_OBJC_ROOT_CLASS = YES_ERROR;
				CLANG_WARN_RANGE_LOOP_ANALYSIS = YES;
				CLANG_WARN_STRICT_PROTOTYPES = YES;
				CLANG_WARN_SUSPICIOUS_MOVE = YES;
				CLANG_WARN_UNGUARDED_AVAILABILITY = YES_AGGRESSIVE;
				CLANG_WARN_UNREACHABLE_CODE = YES;
				CLANG_WARN__DUPLICATE_METHOD_MATCH = YES;
				COPY_PHASE_STRIP = NO;
				DEBUG_INFORMATION_FORMAT = "dwarf-with-dsym";
				ENABLE_NS_ASSERTIONS = NO;
				ENABLE_STRICT_OBJC_MSGSEND = YES;
				GCC_C_LANGUAGE_STANDARD = gnu11;
				GCC_NO_COMMON_BLOCKS = YES;
				GCC_WARN_64_TO_32_BIT_CONVERSION = YES;
				GCC_WARN_ABOUT_RETURN_TYPE = YES_ERROR;
				GCC_WARN_UNDECLARED_SELECTOR = YES;
				GCC_WARN_UNINITIALIZED_AUTOS = YES_AGGRESSIVE;
				GCC_WARN_UNUSED_FUNCTION = YES;
				GCC_WARN_UNUSED_VARIABLE = YES;
				IPHONEOS_DEPLOYMENT_TARGET = 13.6;
				MTL_ENABLE_DEBUG_INFO = NO;
				MTL_FAST_MATH = YES;
				SDKROOT = iphoneos;
				SWIFT_COMPILATION_MODE = wholemodule;
				SWIFT_OPTIMIZATION_LEVEL = "-O";
				VALIDATE_PRODUCT = YES;
			};
			name = Release;
		};
		7DF7A4A925A0EA940053C413 /* Debug */ = {
			isa = XCBuildConfiguration;
			baseConfigurationReference = BA7401BE752FED7A5250F7EE /* Pods-EasyService.debug.xcconfig */;
			buildSettings = {
				ASSETCATALOG_COMPILER_APPICON_NAME = AppIcon;
				CODE_SIGN_STYLE = Automatic;
				INFOPLIST_FILE = EasyService/Info.plist;
				LD_RUNPATH_SEARCH_PATHS = (
					"$(inherited)",
					"@executable_path/Frameworks",
				);
				PRODUCT_BUNDLE_IDENTIFIER = ru.rokymiel.EasyService;
				PRODUCT_NAME = "$(TARGET_NAME)";
				SWIFT_VERSION = 5.0;
				TARGETED_DEVICE_FAMILY = "1,2";
			};
			name = Debug;
		};
		7DF7A4AA25A0EA940053C413 /* Release */ = {
			isa = XCBuildConfiguration;
			baseConfigurationReference = 5F43670BA72C65ACBA6D9403 /* Pods-EasyService.release.xcconfig */;
			buildSettings = {
				ASSETCATALOG_COMPILER_APPICON_NAME = AppIcon;
				CODE_SIGN_STYLE = Automatic;
				INFOPLIST_FILE = EasyService/Info.plist;
				LD_RUNPATH_SEARCH_PATHS = (
					"$(inherited)",
					"@executable_path/Frameworks",
				);
				PRODUCT_BUNDLE_IDENTIFIER = ru.rokymiel.EasyService;
				PRODUCT_NAME = "$(TARGET_NAME)";
				SWIFT_VERSION = 5.0;
				TARGETED_DEVICE_FAMILY = "1,2";
			};
			name = Release;
		};
/* End XCBuildConfiguration section */

/* Begin XCConfigurationList section */
		7DF7A48F25A0EA920053C413 /* Build configuration list for PBXProject "EasyService" */ = {
			isa = XCConfigurationList;
			buildConfigurations = (
				7DF7A4A625A0EA940053C413 /* Debug */,
				7DF7A4A725A0EA940053C413 /* Release */,
			);
			defaultConfigurationIsVisible = 0;
			defaultConfigurationName = Release;
		};
		7DF7A4A825A0EA940053C413 /* Build configuration list for PBXNativeTarget "EasyService" */ = {
			isa = XCConfigurationList;
			buildConfigurations = (
				7DF7A4A925A0EA940053C413 /* Debug */,
				7DF7A4AA25A0EA940053C413 /* Release */,
			);
			defaultConfigurationIsVisible = 0;
			defaultConfigurationName = Release;
		};
/* End XCConfigurationList section */
	};
	rootObject = 7DF7A48C25A0EA920053C413 /* Project object */;
}
