// !$*UTF8*$!
{
	archiveVersion = 1;
	classes = {
	};
	objectVersion = 51;
	objects = {

/* Begin PBXBuildFile section */
		2B88B6E95F79C93244F404AF /* Pods_EasyService.framework in Frameworks */ = {isa = PBXBuildFile; fileRef = 3440064850FC7CB26443334A /* Pods_EasyService.framework */; };
		7D1E658225A0FD6D00AE97D7 /* AddCarViewController.swift in Sources */ = {isa = PBXBuildFile; fileRef = 7D1E658025A0FD6D00AE97D7 /* AddCarViewController.swift */; };
		7D1E658325A0FD6D00AE97D7 /* AddCarView.xib in Resources */ = {isa = PBXBuildFile; fileRef = 7D1E658125A0FD6D00AE97D7 /* AddCarView.xib */; };
		7D1E658725A1048500AE97D7 /* NewCarViewController.swift in Sources */ = {isa = PBXBuildFile; fileRef = 7D1E658525A1048500AE97D7 /* NewCarViewController.swift */; };
		7D1E658825A1048500AE97D7 /* NewCarView.xib in Resources */ = {isa = PBXBuildFile; fileRef = 7D1E658625A1048500AE97D7 /* NewCarView.xib */; };
		7DE0A3F5261CF4E3002773E3 /* GoogleService-Info.plist in Resources */ = {isa = PBXBuildFile; fileRef = 7DE0A3F4261CF4E3002773E3 /* GoogleService-Info.plist */; };
		7DF7A49825A0EA920053C413 /* AppDelegate.swift in Sources */ = {isa = PBXBuildFile; fileRef = 7DF7A49725A0EA920053C413 /* AppDelegate.swift */; };
		7DF7A49A25A0EA920053C413 /* SceneDelegate.swift in Sources */ = {isa = PBXBuildFile; fileRef = 7DF7A49925A0EA920053C413 /* SceneDelegate.swift */; };
		7DF7A49C25A0EA920053C413 /* ViewController.swift in Sources */ = {isa = PBXBuildFile; fileRef = 7DF7A49B25A0EA920053C413 /* ViewController.swift */; };
		7DF7A49F25A0EA920053C413 /* Main.storyboard in Resources */ = {isa = PBXBuildFile; fileRef = 7DF7A49D25A0EA920053C413 /* Main.storyboard */; };
		7DF7A4A125A0EA940053C413 /* Assets.xcassets in Resources */ = {isa = PBXBuildFile; fileRef = 7DF7A4A025A0EA940053C413 /* Assets.xcassets */; };
		7DF7A4A425A0EA940053C413 /* LaunchScreen.storyboard in Resources */ = {isa = PBXBuildFile; fileRef = 7DF7A4A225A0EA940053C413 /* LaunchScreen.storyboard */; };
/* End PBXBuildFile section */

/* Begin PBXFileReference section */
		3440064850FC7CB26443334A /* Pods_EasyService.framework */ = {isa = PBXFileReference; explicitFileType = wrapper.framework; includeInIndex = 0; path = Pods_EasyService.framework; sourceTree = BUILT_PRODUCTS_DIR; };
		5F43670BA72C65ACBA6D9403 /* Pods-EasyService.release.xcconfig */ = {isa = PBXFileReference; includeInIndex = 1; lastKnownFileType = text.xcconfig; name = "Pods-EasyService.release.xcconfig"; path = "Target Support Files/Pods-EasyService/Pods-EasyService.release.xcconfig"; sourceTree = "<group>"; };
		7D1E658025A0FD6D00AE97D7 /* AddCarViewController.swift */ = {isa = PBXFileReference; lastKnownFileType = sourcecode.swift; path = AddCarViewController.swift; sourceTree = "<group>"; };
		7D1E658125A0FD6D00AE97D7 /* AddCarView.xib */ = {isa = PBXFileReference; lastKnownFileType = file.xib; path = AddCarView.xib; sourceTree = "<group>"; };
		7D1E658525A1048500AE97D7 /* NewCarViewController.swift */ = {isa = PBXFileReference; lastKnownFileType = sourcecode.swift; path = NewCarViewController.swift; sourceTree = "<group>"; };
		7D1E658625A1048500AE97D7 /* NewCarView.xib */ = {isa = PBXFileReference; lastKnownFileType = file.xib; path = NewCarView.xib; sourceTree = "<group>"; };
		7DE0A3F4261CF4E3002773E3 /* GoogleService-Info.plist */ = {isa = PBXFileReference; fileEncoding = 4; lastKnownFileType = text.plist.xml; path = "GoogleService-Info.plist"; sourceTree = "<group>"; };
		7DF7A49425A0EA920053C413 /* EasyService.app */ = {isa = PBXFileReference; explicitFileType = wrapper.application; includeInIndex = 0; path = EasyService.app; sourceTree = BUILT_PRODUCTS_DIR; };
		7DF7A49725A0EA920053C413 /* AppDelegate.swift */ = {isa = PBXFileReference; lastKnownFileType = sourcecode.swift; path = AppDelegate.swift; sourceTree = "<group>"; };
		7DF7A49925A0EA920053C413 /* SceneDelegate.swift */ = {isa = PBXFileReference; lastKnownFileType = sourcecode.swift; path = SceneDelegate.swift; sourceTree = "<group>"; };
		7DF7A49B25A0EA920053C413 /* ViewController.swift */ = {isa = PBXFileReference; lastKnownFileType = sourcecode.swift; path = ViewController.swift; sourceTree = "<group>"; };
		7DF7A49E25A0EA920053C413 /* Base */ = {isa = PBXFileReference; lastKnownFileType = file.storyboard; name = Base; path = Base.lproj/Main.storyboard; sourceTree = "<group>"; };
		7DF7A4A025A0EA940053C413 /* Assets.xcassets */ = {isa = PBXFileReference; lastKnownFileType = folder.assetcatalog; path = Assets.xcassets; sourceTree = "<group>"; };
		7DF7A4A325A0EA940053C413 /* Base */ = {isa = PBXFileReference; lastKnownFileType = file.storyboard; name = Base; path = Base.lproj/LaunchScreen.storyboard; sourceTree = "<group>"; };
		7DF7A4A525A0EA940053C413 /* Info.plist */ = {isa = PBXFileReference; lastKnownFileType = text.plist.xml; path = Info.plist; sourceTree = "<group>"; };
		BA7401BE752FED7A5250F7EE /* Pods-EasyService.debug.xcconfig */ = {isa = PBXFileReference; includeInIndex = 1; lastKnownFileType = text.xcconfig; name = "Pods-EasyService.debug.xcconfig"; path = "Target Support Files/Pods-EasyService/Pods-EasyService.debug.xcconfig"; sourceTree = "<group>"; };
/* End PBXFileReference section */

/* Begin PBXFrameworksBuildPhase section */
		7DF7A49125A0EA920053C413 /* Frameworks */ = {
			isa = PBXFrameworksBuildPhase;
			buildActionMask = 2147483647;
			files = (
				2B88B6E95F79C93244F404AF /* Pods_EasyService.framework in Frameworks */,
			);
			runOnlyForDeploymentPostprocessing = 0;
		};
/* End PBXFrameworksBuildPhase section */

/* Begin PBXGroup section */
		7D1E657825A0FC7500AE97D7 /* CoreData */ = {
			isa = PBXGroup;
			children = (
			);
			path = CoreData;
			sourceTree = "<group>";
		};
		7D1E657C25A0FCBD00AE97D7 /* PresentationLayer */ = {
			isa = PBXGroup;
			children = (
				7DE0A3EF261CE87E002773E3 /* Login */,
				7DE0A3EE261CE85F002773E3 /* Regisrtation */,
				7D1E658425A1045400AE97D7 /* NewCar */,
				7D1E657D25A0FCDC00AE97D7 /* AddCar */,
			);
			path = PresentationLayer;
			sourceTree = "<group>";
		};
		7D1E657D25A0FCDC00AE97D7 /* AddCar */ = {
			isa = PBXGroup;
			children = (
				7D1E658025A0FD6D00AE97D7 /* AddCarViewController.swift */,
				7D1E658125A0FD6D00AE97D7 /* AddCarView.xib */,
			);
			path = AddCar;
			sourceTree = "<group>";
		};
		7D1E658425A1045400AE97D7 /* NewCar */ = {
			isa = PBXGroup;
			children = (
				7D1E658525A1048500AE97D7 /* NewCarViewController.swift */,
				7D1E658625A1048500AE97D7 /* NewCarView.xib */,
			);
			path = NewCar;
			sourceTree = "<group>";
		};
		7DE0A3EE261CE85F002773E3 /* Regisrtation */ = {
			isa = PBXGroup;
			children = (
			);
			path = Regisrtation;
			sourceTree = "<group>";
		};
		7DE0A3EF261CE87E002773E3 /* Login */ = {
			isa = PBXGroup;
			children = (
			);
			path = Login;
			sourceTree = "<group>";
		};
		7DF7A48B25A0EA920053C413 = {
			isa = PBXGroup;
			children = (
				7DF7A49625A0EA920053C413 /* EasyService */,
				7DF7A49525A0EA920053C413 /* Products */,
				CBCE32CFE5F661F4D28459D6 /* Pods */,
				8B2391905D2B986E057DA7E4 /* Frameworks */,
			);
			sourceTree = "<group>";
		};
		7DF7A49525A0EA920053C413 /* Products */ = {
			isa = PBXGroup;
			children = (
				7DF7A49425A0EA920053C413 /* EasyService.app */,
			);
			name = Products;
			sourceTree = "<group>";
		};
		7DF7A49625A0EA920053C413 /* EasyService */ = {
			isa = PBXGroup;
			children = (
				7D1E657C25A0FCBD00AE97D7 /* PresentationLayer */,
				7D1E657825A0FC7500AE97D7 /* CoreData */,
				7DF7A49725A0EA920053C413 /* AppDelegate.swift */,
				7DF7A49925A0EA920053C413 /* SceneDelegate.swift */,
				7DE0A3F4261CF4E3002773E3 /* GoogleService-Info.plist */,
				7DF7A49B25A0EA920053C413 /* ViewController.swift */,
				7DF7A49D25A0EA920053C413 /* Main.storyboard */,
				7DF7A4A025A0EA940053C413 /* Assets.xcassets */,
				7DF7A4A225A0EA940053C413 /* LaunchScreen.storyboard */,
				7DF7A4A525A0EA940053C413 /* Info.plist */,
			);
			path = EasyService;
			sourceTree = "<group>";
		};
		8B2391905D2B986E057DA7E4 /* Frameworks */ = {
			isa = PBXGroup;
			children = (
				3440064850FC7CB26443334A /* Pods_EasyService.framework */,
			);
			name = Frameworks;
			sourceTree = "<group>";
		};
		CBCE32CFE5F661F4D28459D6 /* Pods */ = {
			isa = PBXGroup;
			children = (
				BA7401BE752FED7A5250F7EE /* Pods-EasyService.debug.xcconfig */,
				5F43670BA72C65ACBA6D9403 /* Pods-EasyService.release.xcconfig */,
			);
			path = Pods;
			sourceTree = "<group>";
		};
/* End PBXGroup section */

/* Begin PBXNativeTarget section */
		7DF7A49325A0EA920053C413 /* EasyService */ = {
			isa = PBXNativeTarget;
			buildConfigurationList = 7DF7A4A825A0EA940053C413 /* Build configuration list for PBXNativeTarget "EasyService" */;
			buildPhases = (
				D506A568330B5F030F8E0AB7 /* [CP] Check Pods Manifest.lock */,
				7DF7A49025A0EA920053C413 /* Sources */,
				7DF7A49125A0EA920053C413 /* Frameworks */,
				7DF7A49225A0EA920053C413 /* Resources */,
				7DF7A4AB25A0F26F0053C413 /* ShellScript */,
				FAF0DC739E5B939B0762DDBC /* [CP] Embed Pods Frameworks */,
			);
			buildRules = (
			);
			dependencies = (
			);
			name = EasyService;
			productName = EasyService;
			productReference = 7DF7A49425A0EA920053C413 /* EasyService.app */;
			productType = "com.apple.product-type.application";
		};
/* End PBXNativeTarget section */

/* Begin PBXProject section */
		7DF7A48C25A0EA920053C413 /* Project object */ = {
			isa = PBXProject;
			attributes = {
				LastSwiftUpdateCheck = 1160;
				LastUpgradeCheck = 1160;
				ORGANIZATIONNAME = rokymiel;
				TargetAttributes = {
					7DF7A49325A0EA920053C413 = {
						CreatedOnToolsVersion = 11.6;
					};
				};
			};
			buildConfigurationList = 7DF7A48F25A0EA920053C413 /* Build configuration list for PBXProject "EasyService" */;
			compatibilityVersion = "Xcode 9.3";
			developmentRegion = en;
			hasScannedForEncodings = 0;
			knownRegions = (
				en,
				Base,
			);
			mainGroup = 7DF7A48B25A0EA920053C413;
			productRefGroup = 7DF7A49525A0EA920053C413 /* Products */;
			projectDirPath = "";
			projectRoot = "";
			targets = (
				7DF7A49325A0EA920053C413 /* EasyService */,
			);
		};
/* End PBXProject section */

/* Begin PBXResourcesBuildPhase section */
		7DF7A49225A0EA920053C413 /* Resources */ = {
			isa = PBXResourcesBuildPhase;
			buildActionMask = 2147483647;
			files = (
				7D1E658825A1048500AE97D7 /* NewCarView.xib in Resources */,
				7DF7A4A425A0EA940053C413 /* LaunchScreen.storyboard in Resources */,
				7DF7A4A125A0EA940053C413 /* Assets.xcassets in Resources */,
				7DF7A49F25A0EA920053C413 /* Main.storyboard in Resources */,
				7D1E658325A0FD6D00AE97D7 /* AddCarView.xib in Resources */,
				7DE0A3F5261CF4E3002773E3 /* GoogleService-Info.plist in Resources */,
			);
			runOnlyForDeploymentPostprocessing = 0;
		};
/* End PBXResourcesBuildPhase section */

/* Begin PBXShellScriptBuildPhase section */
		7DF7A4AB25A0F26F0053C413 /* ShellScript */ = {
			isa = PBXShellScriptBuildPhase;
			buildActionMask = 2147483647;
			files = (
			);
			inputFileListPaths = (
			);
			inputPaths = (
			);
			outputFileListPaths = (
			);
			outputPaths = (
			);
			runOnlyForDeploymentPostprocessing = 0;
			shellPath = /bin/sh;
			shellScript = "if which swiftlint >/dev/null; then\n  swiftlint\nelse\n  echo \"warning: SwiftLint not installed, download from https://github.com/realm/SwiftLint\"\nfi\n";
		};
		D506A568330B5F030F8E0AB7 /* [CP] Check Pods Manifest.lock */ = {
			isa = PBXShellScriptBuildPhase;
			buildActionMask = 2147483647;
			files = (
			);
			inputFileListPaths = (
			);
			inputPaths = (
				"${PODS_PODFILE_DIR_PATH}/Podfile.lock",
				"${PODS_ROOT}/Manifest.lock",
			);
			name = "[CP] Check Pods Manifest.lock";
			outputFileListPaths = (
			);
			outputPaths = (
				"$(DERIVED_FILE_DIR)/Pods-EasyService-checkManifestLockResult.txt",
			);
			runOnlyForDeploymentPostprocessing = 0;
			shellPath = /bin/sh;
			shellScript = "diff \"${PODS_PODFILE_DIR_PATH}/Podfile.lock\" \"${PODS_ROOT}/Manifest.lock\" > /dev/null\nif [ $? != 0 ] ; then\n    # print error to STDERR\n    echo \"error: The sandbox is not in sync with the Podfile.lock. Run 'pod install' or update your CocoaPods installation.\" >&2\n    exit 1\nfi\n# This output is used by Xcode 'outputs' to avoid re-running this script phase.\necho \"SUCCESS\" > \"${SCRIPT_OUTPUT_FILE_0}\"\n";
			showEnvVarsInLog = 0;
		};
		FAF0DC739E5B939B0762DDBC /* [CP] Embed Pods Frameworks */ = {
			isa = PBXShellScriptBuildPhase;
			buildActionMask = 2147483647;
			files = (
			);
			inputFileListPaths = (
				"${PODS_ROOT}/Target Support Files/Pods-EasyService/Pods-EasyService-frameworks-${CONFIGURATION}-input-files.xcfilelist",
			);
			name = "[CP] Embed Pods Frameworks";
			outputFileListPaths = (
				"${PODS_ROOT}/Target Support Files/Pods-EasyService/Pods-EasyService-frameworks-${CONFIGURATION}-output-files.xcfilelist",
			);
			runOnlyForDeploymentPostprocessing = 0;
			shellPath = /bin/sh;
			shellScript = "\"${PODS_ROOT}/Target Support Files/Pods-EasyService/Pods-EasyService-frameworks.sh\"\n";
			showEnvVarsInLog = 0;
		};
/* End PBXShellScriptBuildPhase section */

/* Begin PBXSourcesBuildPhase section */
		7DF7A49025A0EA920053C413 /* Sources */ = {
			isa = PBXSourcesBuildPhase;
			buildActionMask = 2147483647;
			files = (
				7D1E658725A1048500AE97D7 /* NewCarViewController.swift in Sources */,
				7DF7A49C25A0EA920053C413 /* ViewController.swift in Sources */,
				7DF7A49825A0EA920053C413 /* AppDelegate.swift in Sources */,
				7D1E658225A0FD6D00AE97D7 /* AddCarViewController.swift in Sources */,
				7DF7A49A25A0EA920053C413 /* SceneDelegate.swift in Sources */,
			);
			runOnlyForDeploymentPostprocessing = 0;
		};
/* End PBXSourcesBuildPhase section */

/* Begin PBXVariantGroup section */
		7DF7A49D25A0EA920053C413 /* Main.storyboard */ = {
			isa = PBXVariantGroup;
			children = (
				7DF7A49E25A0EA920053C413 /* Base */,
			);
			name = Main.storyboard;
			sourceTree = "<group>";
		};
		7DF7A4A225A0EA940053C413 /* LaunchScreen.storyboard */ = {
			isa = PBXVariantGroup;
			children = (
				7DF7A4A325A0EA940053C413 /* Base */,
			);
			name = LaunchScreen.storyboard;
			sourceTree = "<group>";
		};
/* End PBXVariantGroup section */

/* Begin XCBuildConfiguration section */
		7DF7A4A625A0EA940053C413 /* Debug */ = {
			isa = XCBuildConfiguration;
			buildSettings = {
				ALWAYS_SEARCH_USER_PATHS = NO;
				CLANG_ANALYZER_NONNULL = YES;
				CLANG_ANALYZER_NUMBER_OBJECT_CONVERSION = YES_AGGRESSIVE;
				CLANG_CXX_LANGUAGE_STANDARD = "gnu++14";
				CLANG_CXX_LIBRARY = "libc++";
				CLANG_ENABLE_MODULES = YES;
				CLANG_ENABLE_OBJC_ARC = YES;
				CLANG_ENABLE_OBJC_WEAK = YES;
				CLANG_WARN_BLOCK_CAPTURE_AUTORELEASING = YES;
				CLANG_WARN_BOOL_CONVERSION = YES;
				CLANG_WARN_COMMA = YES;
				CLANG_WARN_CONSTANT_CONVERSION = YES;
				CLANG_WARN_DEPRECATED_OBJC_IMPLEMENTATIONS = YES;
				CLANG_WARN_DIRECT_OBJC_ISA_USAGE = YES_ERROR;
				CLANG_WARN_DOCUMENTATION_COMMENTS = YES;
				CLANG_WARN_EMPTY_BODY = YES;
				CLANG_WARN_ENUM_CONVERSION = YES;
				CLANG_WARN_INFINITE_RECURSION = YES;
				CLANG_WARN_INT_CONVERSION = YES;
				CLANG_WARN_NON_LITERAL_NULL_CONVERSION = YES;
				CLANG_WARN_OBJC_IMPLICIT_RETAIN_SELF = YES;
				CLANG_WARN_OBJC_LITERAL_CONVERSION = YES;
				CLANG_WARN_OBJC_ROOT_CLASS = YES_ERROR;
				CLANG_WARN_RANGE_LOOP_ANALYSIS = YES;
				CLANG_WARN_STRICT_PROTOTYPES = YES;
				CLANG_WARN_SUSPICIOUS_MOVE = YES;
				CLANG_WARN_UNGUARDED_AVAILABILITY = YES_AGGRESSIVE;
				CLANG_WARN_UNREACHABLE_CODE = YES;
				CLANG_WARN__DUPLICATE_METHOD_MATCH = YES;
				COPY_PHASE_STRIP = NO;
				DEBUG_INFORMATION_FORMAT = dwarf;
				ENABLE_STRICT_OBJC_MSGSEND = YES;
				ENABLE_TESTABILITY = YES;
				GCC_C_LANGUAGE_STANDARD = gnu11;
				GCC_DYNAMIC_NO_PIC = NO;
				GCC_NO_COMMON_BLOCKS = YES;
				GCC_OPTIMIZATION_LEVEL = 0;
				GCC_PREPROCESSOR_DEFINITIONS = (
					"DEBUG=1",
					"$(inherited)",
				);
				GCC_WARN_64_TO_32_BIT_CONVERSION = YES;
				GCC_WARN_ABOUT_RETURN_TYPE = YES_ERROR;
				GCC_WARN_UNDECLARED_SELECTOR = YES;
				GCC_WARN_UNINITIALIZED_AUTOS = YES_AGGRESSIVE;
				GCC_WARN_UNUSED_FUNCTION = YES;
				GCC_WARN_UNUSED_VARIABLE = YES;
				IPHONEOS_DEPLOYMENT_TARGET = 13.6;
				MTL_ENABLE_DEBUG_INFO = INCLUDE_SOURCE;
				MTL_FAST_MATH = YES;
				ONLY_ACTIVE_ARCH = YES;
				SDKROOT = iphoneos;
				SWIFT_ACTIVE_COMPILATION_CONDITIONS = DEBUG;
				SWIFT_OPTIMIZATION_LEVEL = "-Onone";
			};
			name = Debug;
		};
		7DF7A4A725A0EA940053C413 /* Release */ = {
			isa = XCBuildConfiguration;
			buildSettings = {
				ALWAYS_SEARCH_USER_PATHS = NO;
				CLANG_ANALYZER_NONNULL = YES;
				CLANG_ANALYZER_NUMBER_OBJECT_CONVERSION = YES_AGGRESSIVE;
				CLANG_CXX_LANGUAGE_STANDARD = "gnu++14";
				CLANG_CXX_LIBRARY = "libc++";
				CLANG_ENABLE_MODULES = YES;
				CLANG_ENABLE_OBJC_ARC = YES;
				CLANG_ENABLE_OBJC_WEAK = YES;
				CLANG_WARN_BLOCK_CAPTURE_AUTORELEASING = YES;
				CLANG_WARN_BOOL_CONVERSION = YES;
				CLANG_WARN_COMMA = YES;
				CLANG_WARN_CONSTANT_CONVERSION = YES;
				CLANG_WARN_DEPRECATED_OBJC_IMPLEMENTATIONS = YES;
				CLANG_WARN_DIRECT_OBJC_ISA_USAGE = YES_ERROR;
				CLANG_WARN_DOCUMENTATION_COMMENTS = YES;
				CLANG_WARN_EMPTY_BODY = YES;
				CLANG_WARN_ENUM_CONVERSION = YES;
				CLANG_WARN_INFINITE_RECURSION = YES;
				CLANG_WARN_INT_CONVERSION = YES;
				CLANG_WARN_NON_LITERAL_NULL_CONVERSION = YES;
				CLANG_WARN_OBJC_IMPLICIT_RETAIN_SELF = YES;
				CLANG_WARN_OBJC_LITERAL_CONVERSION = YES;
				CLANG_WARN_OBJC_ROOT_CLASS = YES_ERROR;
				CLANG_WARN_RANGE_LOOP_ANALYSIS = YES;
				CLANG_WARN_STRICT_PROTOTYPES = YES;
				CLANG_WARN_SUSPICIOUS_MOVE = YES;
				CLANG_WARN_UNGUARDED_AVAILABILITY = YES_AGGRESSIVE;
				CLANG_WARN_UNREACHABLE_CODE = YES;
				CLANG_WARN__DUPLICATE_METHOD_MATCH = YES;
				COPY_PHASE_STRIP = NO;
				DEBUG_INFORMATION_FORMAT = "dwarf-with-dsym";
				ENABLE_NS_ASSERTIONS = NO;
				ENABLE_STRICT_OBJC_MSGSEND = YES;
				GCC_C_LANGUAGE_STANDARD = gnu11;
				GCC_NO_COMMON_BLOCKS = YES;
				GCC_WARN_64_TO_32_BIT_CONVERSION = YES;
				GCC_WARN_ABOUT_RETURN_TYPE = YES_ERROR;
				GCC_WARN_UNDECLARED_SELECTOR = YES;
				GCC_WARN_UNINITIALIZED_AUTOS = YES_AGGRESSIVE;
				GCC_WARN_UNUSED_FUNCTION = YES;
				GCC_WARN_UNUSED_VARIABLE = YES;
				IPHONEOS_DEPLOYMENT_TARGET = 13.6;
				MTL_ENABLE_DEBUG_INFO = NO;
				MTL_FAST_MATH = YES;
				SDKROOT = iphoneos;
				SWIFT_COMPILATION_MODE = wholemodule;
				SWIFT_OPTIMIZATION_LEVEL = "-O";
				VALIDATE_PRODUCT = YES;
			};
			name = Release;
		};
		7DF7A4A925A0EA940053C413 /* Debug */ = {
			isa = XCBuildConfiguration;
			baseConfigurationReference = BA7401BE752FED7A5250F7EE /* Pods-EasyService.debug.xcconfig */;
			buildSettings = {
				ASSETCATALOG_COMPILER_APPICON_NAME = AppIcon;
				CODE_SIGN_STYLE = Automatic;
				INFOPLIST_FILE = EasyService/Info.plist;
				LD_RUNPATH_SEARCH_PATHS = (
					"$(inherited)",
					"@executable_path/Frameworks",
				);
				PRODUCT_BUNDLE_IDENTIFIER = ru.rokymiel.EasyService;
				PRODUCT_NAME = "$(TARGET_NAME)";
				SWIFT_VERSION = 5.0;
				TARGETED_DEVICE_FAMILY = "1,2";
			};
			name = Debug;
		};
		7DF7A4AA25A0EA940053C413 /* Release */ = {
			isa = XCBuildConfiguration;
			baseConfigurationReference = 5F43670BA72C65ACBA6D9403 /* Pods-EasyService.release.xcconfig */;
			buildSettings = {
				ASSETCATALOG_COMPILER_APPICON_NAME = AppIcon;
				CODE_SIGN_STYLE = Automatic;
				INFOPLIST_FILE = EasyService/Info.plist;
				LD_RUNPATH_SEARCH_PATHS = (
					"$(inherited)",
					"@executable_path/Frameworks",
				);
				PRODUCT_BUNDLE_IDENTIFIER = ru.rokymiel.EasyService;
				PRODUCT_NAME = "$(TARGET_NAME)";
				SWIFT_VERSION = 5.0;
				TARGETED_DEVICE_FAMILY = "1,2";
			};
			name = Release;
		};
/* End XCBuildConfiguration section */

/* Begin XCConfigurationList section */
		7DF7A48F25A0EA920053C413 /* Build configuration list for PBXProject "EasyService" */ = {
			isa = XCConfigurationList;
			buildConfigurations = (
				7DF7A4A625A0EA940053C413 /* Debug */,
				7DF7A4A725A0EA940053C413 /* Release */,
			);
			defaultConfigurationIsVisible = 0;
			defaultConfigurationName = Release;
		};
		7DF7A4A825A0EA940053C413 /* Build configuration list for PBXNativeTarget "EasyService" */ = {
			isa = XCConfigurationList;
			buildConfigurations = (
				7DF7A4A925A0EA940053C413 /* Debug */,
				7DF7A4AA25A0EA940053C413 /* Release */,
			);
			defaultConfigurationIsVisible = 0;
			defaultConfigurationName = Release;
		};
/* End XCConfigurationList section */
	};
	rootObject = 7DF7A48C25A0EA920053C413 /* Project object */;
}
